
Microsoft Visual Studio Solution File, Format Version 12.00
# Visual Studio 14
VisualStudioVersion = 14.0.25420.1
MinimumVisualStudioVersion = 10.0.40219.1
Project("{FAE04EC0-301F-11D3-BF4B-00C04F79EFBC}") = "NMS_Saves_Manager", "NMS_Saves_Manager\NMS_Saves_Manager.csproj", "{DDCA8E25-5001-4B00-9D51-D4112FC9BBC2}"
EndProject
Project("{FAE04EC0-301F-11D3-BF4B-00C04F79EFBC}") = "NMS Saves Manager", "NMS Saves Manager\NMS Saves Manager.csproj", "{60F6745B-5FB7-4149-97EC-275C99990AA5}"
EndProject
Global
	GlobalSection(SolutionConfigurationPlatforms) = preSolution
		Debug|Any CPU = Debug|Any CPU
		Release|Any CPU = Release|Any CPU
	EndGlobalSection
	GlobalSection(ProjectConfigurationPlatforms) = postSolution
		{DDCA8E25-5001-4B00-9D51-D4112FC9BBC2}.Debug|Any CPU.ActiveCfg = Debug|Any CPU
		{DDCA8E25-5001-4B00-9D51-D4112FC9BBC2}.Debug|Any CPU.Build.0 = Debug|Any CPU
		{DDCA8E25-5001-4B00-9D51-D4112FC9BBC2}.Release|Any CPU.ActiveCfg = Release|Any CPU
		{DDCA8E25-5001-4B00-9D51-D4112FC9BBC2}.Release|Any CPU.Build.0 = Release|Any CPU
		{60F6745B-5FB7-4149-97EC-275C99990AA5}.Debug|Any CPU.ActiveCfg = Debug|Any CPU
		{60F6745B-5FB7-4149-97EC-275C99990AA5}.Debug|Any CPU.Build.0 = Debug|Any CPU
		{60F6745B-5FB7-4149-97EC-275C99990AA5}.Release|Any CPU.ActiveCfg = Release|Any CPU
		{60F6745B-5FB7-4149-97EC-275C99990AA5}.Release|Any CPU.Build.0 = Release|Any CPU
	EndGlobalSection
	GlobalSection(SolutionProperties) = preSolution
		HideSolutionNode = FALSE
	EndGlobalSection
	GlobalSection(TeamFoundationVersionControl) = preSolution
		SccNumberOfProjects = 3
		SccEnterpriseProvider = {4CA58AB2-18FA-4F8D-95D4-32DDF27D184C}
		SccTeamFoundationServer = https://nbreuil.visualstudio.com/defaultcollection
		SccLocalPath0 = .
		SccProjectUniqueName1 = NMS_Saves_Manager\\NMS_Saves_Manager.csproj
		SccProjectName1 = NMS_Saves_Manager
		SccLocalPath1 = NMS_Saves_Manager
		SccProjectUniqueName2 = NMS\u0020Saves\u0020Manager\\NMS\u0020Saves\u0020Manager.csproj
		SccProjectName2 = NMS\u0020Saves\u0020Manager
		SccLocalPath2 = NMS\u0020Saves\u0020Manager
	EndGlobalSection
EndGlobal
